
Microsoft Visual Studio Solution File, Format Version 12.00
# Visual Studio 2013
VisualStudioVersion = 12.0.31101.0
MinimumVisualStudioVersion = 10.0.40219.1
Project("{FAE04EC0-301F-11D3-BF4B-00C04F79EFBC}") = "Automate Raw Workpiece", "Automate Raw Workpiece\Automate Raw Workpiece.csproj", "{D11C9C52-AA61-4FBF-A380-A69E7FADBD3E}"
	ProjectSection(ProjectDependencies) = postProject
		{20D767C6-1F0E-4CA9-9F39-F670A2FD86A9} = {20D767C6-1F0E-4CA9-9F39-F670A2FD86A9}
	EndProjectSection
EndProject
Project("{8BC9CEB8-8B4A-11D0-8D11-00A0C91BC942}") = "Compute Bounding Box Project", "Compute Bounding Box\Compute Bounding Box Project.vcxproj", "{20D767C6-1F0E-4CA9-9F39-F670A2FD86A9}"
EndProject
Global
	GlobalSection(SolutionConfigurationPlatforms) = preSolution
		Debug|Mixed Platforms = Debug|Mixed Platforms
		Debug|Win32 = Debug|Win32
		Debug|x86 = Debug|x86
		Release|Mixed Platforms = Release|Mixed Platforms
		Release|Win32 = Release|Win32
		Release|x86 = Release|x86
	EndGlobalSection
	GlobalSection(ProjectConfigurationPlatforms) = postSolution
		{D11C9C52-AA61-4FBF-A380-A69E7FADBD3E}.Debug|Mixed Platforms.ActiveCfg = Debug|x86
		{D11C9C52-AA61-4FBF-A380-A69E7FADBD3E}.Debug|Mixed Platforms.Build.0 = Debug|x86
		{D11C9C52-AA61-4FBF-A380-A69E7FADBD3E}.Debug|Win32.ActiveCfg = Debug|x86
		{D11C9C52-AA61-4FBF-A380-A69E7FADBD3E}.Debug|Win32.Build.0 = Debug|x86
		{D11C9C52-AA61-4FBF-A380-A69E7FADBD3E}.Debug|x86.ActiveCfg = Debug|x86
		{D11C9C52-AA61-4FBF-A380-A69E7FADBD3E}.Debug|x86.Build.0 = Debug|x86
		{D11C9C52-AA61-4FBF-A380-A69E7FADBD3E}.Release|Mixed Platforms.ActiveCfg = Release|x86
		{D11C9C52-AA61-4FBF-A380-A69E7FADBD3E}.Release|Mixed Platforms.Build.0 = Release|x86
		{D11C9C52-AA61-4FBF-A380-A69E7FADBD3E}.Release|Win32.ActiveCfg = Release|x86
		{D11C9C52-AA61-4FBF-A380-A69E7FADBD3E}.Release|Win32.Build.0 = Release|x86
		{D11C9C52-AA61-4FBF-A380-A69E7FADBD3E}.Release|x86.ActiveCfg = Release|x86
		{D11C9C52-AA61-4FBF-A380-A69E7FADBD3E}.Release|x86.Build.0 = Release|x86
		{20D767C6-1F0E-4CA9-9F39-F670A2FD86A9}.Debug|Mixed Platforms.ActiveCfg = Debug|Win32
		{20D767C6-1F0E-4CA9-9F39-F670A2FD86A9}.Debug|Mixed Platforms.Build.0 = Debug|Win32
		{20D767C6-1F0E-4CA9-9F39-F670A2FD86A9}.Debug|Win32.ActiveCfg = Debug|Win32
		{20D767C6-1F0E-4CA9-9F39-F670A2FD86A9}.Debug|Win32.Build.0 = Debug|Win32
		{20D767C6-1F0E-4CA9-9F39-F670A2FD86A9}.Debug|x86.ActiveCfg = Debug|Win32
		{20D767C6-1F0E-4CA9-9F39-F670A2FD86A9}.Debug|x86.Build.0 = Debug|Win32
		{20D767C6-1F0E-4CA9-9F39-F670A2FD86A9}.Release|Mixed Platforms.ActiveCfg = Release|Win32
		{20D767C6-1F0E-4CA9-9F39-F670A2FD86A9}.Release|Mixed Platforms.Build.0 = Release|Win32
		{20D767C6-1F0E-4CA9-9F39-F670A2FD86A9}.Release|Win32.ActiveCfg = Release|Win32
		{20D767C6-1F0E-4CA9-9F39-F670A2FD86A9}.Release|Win32.Build.0 = Release|Win32
		{20D767C6-1F0E-4CA9-9F39-F670A2FD86A9}.Release|x86.ActiveCfg = Release|Win32
		{20D767C6-1F0E-4CA9-9F39-F670A2FD86A9}.Release|x86.Build.0 = Release|Win32
	EndGlobalSection
	GlobalSection(SolutionProperties) = preSolution
		HideSolutionNode = FALSE
	EndGlobalSection
EndGlobal
